[[package]]
category = "main"
description = "CC Connector CLI is part of the Curious Containers project."
name = "cc-connector-cli"
optional = false
python-versions = ">=3.4,<4.0"
version = "0.3"

[[package]]
category = "main"
description = "An implementation of JSON Schema validation for Python"
name = "jsonschema"
optional = false
python-versions = "*"
version = "2.6.0"

[metadata]
content-hash = "2046f65933f8116f9195ee01c73dbda3d7fb0f20d2b7ee65d360fac3b77ed18f"
python-versions = "^3.4"

[metadata.hashes]
cc-connector-cli = ["a5f081474759ec5ed0d474fccb55525f631aa57284d6a4137c43440fd1b7c2a9", "c66c332c9db350a2aab17d2bb5fb46e41c408ada3d3f486a04f270a4d63c257b"]
jsonschema = ["000e68abd33c972a5248544925a0cae7d1125f9bf6c58280d37546b946769a08", "6ff5f3180870836cae40f06fa10419f557208175f13ad7bc26caa77beb1f6e02"]
